
Microsoft Visual Studio Solution File, Format Version 12.00
# Visual Studio 15
VisualStudioVersion = 15.0.27130.2024
MinimumVisualStudioVersion = 10.0.40219.1
Project("{FAE04EC0-301F-11D3-BF4B-00C04F79EFBC}") = "FirstWindowsApp", "FirstWindowsApp\FirstWindowsApp.csproj", "{2D9236E4-33EA-48B9-8523-27767FD34B54}"
EndProject
Global
	GlobalSection(SolutionConfigurationPlatforms) = preSolution
		Debug|Any CPU = Debug|Any CPU
		Release|Any CPU = Release|Any CPU
	EndGlobalSection
	GlobalSection(ProjectConfigurationPlatforms) = postSolution
		{2D9236E4-33EA-48B9-8523-27767FD34B54}.Debug|Any CPU.ActiveCfg = Debug|Any CPU
		{2D9236E4-33EA-48B9-8523-27767FD34B54}.Debug|Any CPU.Build.0 = Debug|Any CPU
		{2D9236E4-33EA-48B9-8523-27767FD34B54}.Release|Any CPU.ActiveCfg = Release|Any CPU
		{2D9236E4-33EA-48B9-8523-27767FD34B54}.Release|Any CPU.Build.0 = Release|Any CPU
	EndGlobalSection
	GlobalSection(SolutionProperties) = preSolution
		HideSolutionNode = FALSE
	EndGlobalSection
	GlobalSection(ExtensibilityGlobals) = postSolution
		SolutionGuid = {BDDA727D-1662-4321-8354-D4F378073D97}
	EndGlobalSection
EndGlobal
